
Microsoft Visual Studio Solution File, Format Version 12.00
# Visual Studio Version 16
VisualStudioVersion = 16.0.31624.102
MinimumVisualStudioVersion = 10.0.40219.1
Project("{FAE04EC0-301F-11D3-BF4B-00C04F79EFBC}") = "WindowsFormsApp2", "WindowsFormsApp2\WindowsFormsApp2.csproj", "{BBAD4A1F-BEFF-4C91-8EF0-4559D6ABD7CA}"
EndProject
Global
	GlobalSection(SolutionConfigurationPlatforms) = preSolution
		Debug|Any CPU = Debug|Any CPU
		Release|Any CPU = Release|Any CPU
	EndGlobalSection
	GlobalSection(ProjectConfigurationPlatforms) = postSolution
		{BBAD4A1F-BEFF-4C91-8EF0-4559D6ABD7CA}.Debug|Any CPU.ActiveCfg = Debug|Any CPU
		{BBAD4A1F-BEFF-4C91-8EF0-4559D6ABD7CA}.Debug|Any CPU.Build.0 = Debug|Any CPU
		{BBAD4A1F-BEFF-4C91-8EF0-4559D6ABD7CA}.Release|Any CPU.ActiveCfg = Release|Any CPU
		{BBAD4A1F-BEFF-4C91-8EF0-4559D6ABD7CA}.Release|Any CPU.Build.0 = Release|Any CPU
	EndGlobalSection
	GlobalSection(SolutionProperties) = preSolution
		HideSolutionNode = FALSE
	EndGlobalSection
	GlobalSection(ExtensibilityGlobals) = postSolution
		SolutionGuid = {4B026E35-B937-44B5-8243-BC0322F8C30C}
	EndGlobalSection
EndGlobal
